
Microsoft Visual Studio Solution File, Format Version 12.00
# Visual Studio 14
VisualStudioVersion = 14.0.25420.1
MinimumVisualStudioVersion = 10.0.40219.1
Project("{FAE04EC0-301F-11D3-BF4B-00C04F79EFBC}") = "13-Funcões e Switch", "13-Funcões e Switch\13-Funcões e Switch.csproj", "{A62A1B0E-E0EA-4164-917C-96CEA8AEAF46}"
EndProject
Global
	GlobalSection(SolutionConfigurationPlatforms) = preSolution
		Debug|Any CPU = Debug|Any CPU
		Release|Any CPU = Release|Any CPU
	EndGlobalSection
	GlobalSection(ProjectConfigurationPlatforms) = postSolution
		{A62A1B0E-E0EA-4164-917C-96CEA8AEAF46}.Debug|Any CPU.ActiveCfg = Debug|Any CPU
		{A62A1B0E-E0EA-4164-917C-96CEA8AEAF46}.Debug|Any CPU.Build.0 = Debug|Any CPU
		{A62A1B0E-E0EA-4164-917C-96CEA8AEAF46}.Release|Any CPU.ActiveCfg = Release|Any CPU
		{A62A1B0E-E0EA-4164-917C-96CEA8AEAF46}.Release|Any CPU.Build.0 = Release|Any CPU
	EndGlobalSection
	GlobalSection(SolutionProperties) = preSolution
		HideSolutionNode = FALSE
	EndGlobalSection
EndGlobal
